// !$*UTF8*$!
{
	archiveVersion = 1;
	classes = {
	};
	objectVersion = 50;
	objects = {

/* Begin PBXBuildFile section */
		A8360D74234D909D00AF0317 /* AppDelegate.swift in Sources */ = {isa = PBXBuildFile; fileRef = A8360D73234D909D00AF0317 /* AppDelegate.swift */; };
		A8360D76234D909D00AF0317 /* SceneDelegate.swift in Sources */ = {isa = PBXBuildFile; fileRef = A8360D75234D909D00AF0317 /* SceneDelegate.swift */; };
		A8360D78234D909D00AF0317 /* ViewController.swift in Sources */ = {isa = PBXBuildFile; fileRef = A8360D77234D909D00AF0317 /* ViewController.swift */; };
		A8360D7B234D909D00AF0317 /* Main.storyboard in Resources */ = {isa = PBXBuildFile; fileRef = A8360D79234D909D00AF0317 /* Main.storyboard */; };
		A8360D7D234D909E00AF0317 /* Assets.xcassets in Resources */ = {isa = PBXBuildFile; fileRef = A8360D7C234D909E00AF0317 /* Assets.xcassets */; };
		A8360D80234D909E00AF0317 /* LaunchScreen.storyboard in Resources */ = {isa = PBXBuildFile; fileRef = A8360D7E234D909E00AF0317 /* LaunchScreen.storyboard */; };
		A8422822235667FB00132782 /* chirp.wav in Resources */ = {isa = PBXBuildFile; fileRef = A8422821235667FB00132782 /* chirp.wav */; };
/* End PBXBuildFile section */

/* Begin PBXFileReference section */
		A8360D70234D909D00AF0317 /* Crickets-2.app */ = {isa = PBXFileReference; explicitFileType = wrapper.application; includeInIndex = 0; path = "Crickets-2.app"; sourceTree = BUILT_PRODUCTS_DIR; };
		A8360D73234D909D00AF0317 /* AppDelegate.swift */ = {isa = PBXFileReference; lastKnownFileType = sourcecode.swift; path = AppDelegate.swift; sourceTree = "<group>"; };
		A8360D75234D909D00AF0317 /* SceneDelegate.swift */ = {isa = PBXFileReference; lastKnownFileType = sourcecode.swift; path = SceneDelegate.swift; sourceTree = "<group>"; };
		A8360D77234D909D00AF0317 /* ViewController.swift */ = {isa = PBXFileReference; lastKnownFileType = sourcecode.swift; path = ViewController.swift; sourceTree = "<group>"; };
		A8360D7A234D909D00AF0317 /* Base */ = {isa = PBXFileReference; lastKnownFileType = file.storyboard; name = Base; path = Base.lproj/Main.storyboard; sourceTree = "<group>"; };
		A8360D7C234D909E00AF0317 /* Assets.xcassets */ = {isa = PBXFileReference; lastKnownFileType = folder.assetcatalog; path = Assets.xcassets; sourceTree = "<group>"; };
		A8360D7F234D909E00AF0317 /* Base */ = {isa = PBXFileReference; lastKnownFileType = file.storyboard; name = Base; path = Base.lproj/LaunchScreen.storyboard; sourceTree = "<group>"; };
		A8360D81234D909E00AF0317 /* Info.plist */ = {isa = PBXFileReference; lastKnownFileType = text.plist.xml; path = Info.plist; sourceTree = "<group>"; };
		A8422821235667FB00132782 /* chirp.wav */ = {isa = PBXFileReference; lastKnownFileType = audio.wav; name = chirp.wav; path = ../../Desktop/chirp.wav; sourceTree = "<group>"; };
/* End PBXFileReference section */

/* Begin PBXFrameworksBuildPhase section */
		A8360D6D234D909D00AF0317 /* Frameworks */ = {
			isa = PBXFrameworksBuildPhase;
			buildActionMask = 2147483647;
			files = (
			);
			runOnlyForDeploymentPostprocessing = 0;
		};
/* End PBXFrameworksBuildPhase section */

/* Begin PBXGroup section */
		A8360D67234D909D00AF0317 = {
			isa = PBXGroup;
			children = (
				A8360D72234D909D00AF0317 /* Crickets-2 */,
				A8360D71234D909D00AF0317 /* Products */,
			);
			sourceTree = "<group>";
		};
		A8360D71234D909D00AF0317 /* Products */ = {
			isa = PBXGroup;
			children = (
				A8360D70234D909D00AF0317 /* Crickets-2.app */,
			);
			name = Products;
			sourceTree = "<group>";
		};
		A8360D72234D909D00AF0317 /* Crickets-2 */ = {
			isa = PBXGroup;
			children = (
				A8422821235667FB00132782 /* chirp.wav */,
				A8360D73234D909D00AF0317 /* AppDelegate.swift */,
				A8360D75234D909D00AF0317 /* SceneDelegate.swift */,
				A8360D77234D909D00AF0317 /* ViewController.swift */,
				A8360D79234D909D00AF0317 /* Main.storyboard */,
				A8360D7C234D909E00AF0317 /* Assets.xcassets */,
				A8360D7E234D909E00AF0317 /* LaunchScreen.storyboard */,
				A8360D81234D909E00AF0317 /* Info.plist */,
			);
			path = "Crickets-2";
			sourceTree = "<group>";
		};
/* End PBXGroup section */

/* Begin PBXNativeTarget section */
		A8360D6F234D909D00AF0317 /* Crickets-2 */ = {
			isa = PBXNativeTarget;
			buildConfigurationList = A8360D84234D909E00AF0317 /* Build configuration list for PBXNativeTarget "Crickets-2" */;
			buildPhases = (
				A8360D6C234D909D00AF0317 /* Sources */,
				A8360D6D234D909D00AF0317 /* Frameworks */,
				A8360D6E234D909D00AF0317 /* Resources */,
			);
			buildRules = (
			);
			dependencies = (
			);
			name = "Crickets-2";
			productName = "Crickets-2";
			productReference = A8360D70234D909D00AF0317 /* Crickets-2.app */;
			productType = "com.apple.product-type.application";
		};
/* End PBXNativeTarget section */

/* Begin PBXProject section */
		A8360D68234D909D00AF0317 /* Project object */ = {
			isa = PBXProject;
			attributes = {
				LastSwiftUpdateCheck = 1110;
				LastUpgradeCheck = 1110;
				ORGANIZATIONNAME = "Kyle Braden";
				TargetAttributes = {
					A8360D6F234D909D00AF0317 = {
						CreatedOnToolsVersion = 11.1;
					};
				};
			};
			buildConfigurationList = A8360D6B234D909D00AF0317 /* Build configuration list for PBXProject "Crickets-2" */;
			compatibilityVersion = "Xcode 9.3";
			developmentRegion = en;
			hasScannedForEncodings = 0;
			knownRegions = (
				en,
				Base,
			);
			mainGroup = A8360D67234D909D00AF0317;
			productRefGroup = A8360D71234D909D00AF0317 /* Products */;
			projectDirPath = "";
			projectRoot = "";
			targets = (
				A8360D6F234D909D00AF0317 /* Crickets-2 */,
			);
		};
/* End PBXProject section */

/* Begin PBXResourcesBuildPhase section */
		A8360D6E234D909D00AF0317 /* Resources */ = {
			isa = PBXResourcesBuildPhase;
			buildActionMask = 2147483647;
			files = (
				A8360D80234D909E00AF0317 /* LaunchScreen.storyboard in Resources */,
				A8360D7D234D909E00AF0317 /* Assets.xcassets in Resources */,
				A8360D7B234D909D00AF0317 /* Main.storyboard in Resources */,
				A8422822235667FB00132782 /* chirp.wav in Resources */,
			);
			runOnlyForDeploymentPostprocessing = 0;
		};
/* End PBXResourcesBuildPhase section */

/* Begin PBXSourcesBuildPhase section */
		A8360D6C234D909D00AF0317 /* Sources */ = {
			isa = PBXSourcesBuildPhase;
			buildActionMask = 2147483647;
			files = (
				A8360D78234D909D00AF0317 /* ViewController.swift in Sources */,
				A8360D74234D909D00AF0317 /* AppDelegate.swift in Sources */,
				A8360D76234D909D00AF0317 /* SceneDelegate.swift in Sources */,
			);
			runOnlyForDeploymentPostprocessing = 0;
		};
/* End PBXSourcesBuildPhase section */

/* Begin PBXVariantGroup section */
		A8360D79234D909D00AF0317 /* Main.storyboard */ = {
			isa = PBXVariantGroup;
			children = (
				A8360D7A234D909D00AF0317 /* Base */,
			);
			name = Main.storyboard;
			sourceTree = "<group>";
		};
		A8360D7E234D909E00AF0317 /* LaunchScreen.storyboard */ = {
			isa = PBXVariantGroup;
			children = (
				A8360D7F234D909E00AF0317 /* Base */,
			);
			name = LaunchScreen.storyboard;
			sourceTree = "<group>";
		};
/* End PBXVariantGroup section */

/* Begin XCBuildConfiguration section */
		A8360D82234D909E00AF0317 /* Debug */ = {
			isa = XCBuildConfiguration;
			buildSettings = {
				ALWAYS_SEARCH_USER_PATHS = NO;
				CLANG_ANALYZER_NONNULL = YES;
				CLANG_ANALYZER_NUMBER_OBJECT_CONVERSION = YES_AGGRESSIVE;
				CLANG_CXX_LANGUAGE_STANDARD = "gnu++14";
				CLANG_CXX_LIBRARY = "libc++";
				CLANG_ENABLE_MODULES = YES;
				CLANG_ENABLE_OBJC_ARC = YES;
				CLANG_ENABLE_OBJC_WEAK = YES;
				CLANG_WARN_BLOCK_CAPTURE_AUTORELEASING = YES;
				CLANG_WARN_BOOL_CONVERSION = YES;
				CLANG_WARN_COMMA = YES;
				CLANG_WARN_CONSTANT_CONVERSION = YES;
				CLANG_WARN_DEPRECATED_OBJC_IMPLEMENTATIONS = YES;
				CLANG_WARN_DIRECT_OBJC_ISA_USAGE = YES_ERROR;
				CLANG_WARN_DOCUMENTATION_COMMENTS = YES;
				CLANG_WARN_EMPTY_BODY = YES;
				CLANG_WARN_ENUM_CONVERSION = YES;
				CLANG_WARN_INFINITE_RECURSION = YES;
				CLANG_WARN_INT_CONVERSION = YES;
				CLANG_WARN_NON_LITERAL_NULL_CONVERSION = YES;
				CLANG_WARN_OBJC_IMPLICIT_RETAIN_SELF = YES;
				CLANG_WARN_OBJC_LITERAL_CONVERSION = YES;
				CLANG_WARN_OBJC_ROOT_CLASS = YES_ERROR;
				CLANG_WARN_RANGE_LOOP_ANALYSIS = YES;
				CLANG_WARN_STRICT_PROTOTYPES = YES;
				CLANG_WARN_SUSPICIOUS_MOVE = YES;
				CLANG_WARN_UNGUARDED_AVAILABILITY = YES_AGGRESSIVE;
				CLANG_WARN_UNREACHABLE_CODE = YES;
				CLANG_WARN__DUPLICATE_METHOD_MATCH = YES;
				COPY_PHASE_STRIP = NO;
				DEBUG_INFORMATION_FORMAT = dwarf;
				ENABLE_STRICT_OBJC_MSGSEND = YES;
				ENABLE_TESTABILITY = YES;
				GCC_C_LANGUAGE_STANDARD = gnu11;
				GCC_DYNAMIC_NO_PIC = NO;
				GCC_NO_COMMON_BLOCKS = YES;
				GCC_OPTIMIZATION_LEVEL = 0;
				GCC_PREPROCESSOR_DEFINITIONS = (
					"DEBUG=1",
					"$(inherited)",
				);
				GCC_WARN_64_TO_32_BIT_CONVERSION = YES;
				GCC_WARN_ABOUT_RETURN_TYPE = YES_ERROR;
				GCC_WARN_UNDECLARED_SELECTOR = YES;
				GCC_WARN_UNINITIALIZED_AUTOS = YES_AGGRESSIVE;
				GCC_WARN_UNUSED_FUNCTION = YES;
				GCC_WARN_UNUSED_VARIABLE = YES;
				IPHONEOS_DEPLOYMENT_TARGET = 13.1;
				MTL_ENABLE_DEBUG_INFO = INCLUDE_SOURCE;
				MTL_FAST_MATH = YES;
				ONLY_ACTIVE_ARCH = YES;
				SDKROOT = iphoneos;
				SWIFT_ACTIVE_COMPILATION_CONDITIONS = DEBUG;
				SWIFT_OPTIMIZATION_LEVEL = "-Onone";
			};
			name = Debug;
		};
		A8360D83234D909E00AF0317 /* Release */ = {
			isa = XCBuildConfiguration;
			buildSettings = {
				ALWAYS_SEARCH_USER_PATHS = NO;
				CLANG_ANALYZER_NONNULL = YES;
				CLANG_ANALYZER_NUMBER_OBJECT_CONVERSION = YES_AGGRESSIVE;
				CLANG_CXX_LANGUAGE_STANDARD = "gnu++14";
				CLANG_CXX_LIBRARY = "libc++";
				CLANG_ENABLE_MODULES = YES;
				CLANG_ENABLE_OBJC_ARC = YES;
				CLANG_ENABLE_OBJC_WEAK = YES;
				CLANG_WARN_BLOCK_CAPTURE_AUTORELEASING = YES;
				CLANG_WARN_BOOL_CONVERSION = YES;
				CLANG_WARN_COMMA = YES;
				CLANG_WARN_CONSTANT_CONVERSION = YES;
				CLANG_WARN_DEPRECATED_OBJC_IMPLEMENTATIONS = YES;
				CLANG_WARN_DIRECT_OBJC_ISA_USAGE = YES_ERROR;
				CLANG_WARN_DOCUMENTATION_COMMENTS = YES;
				CLANG_WARN_EMPTY_BODY = YES;
				CLANG_WARN_ENUM_CONVERSION = YES;
				CLANG_WARN_INFINITE_RECURSION = YES;
				CLANG_WARN_INT_CONVERSION = YES;
				CLANG_WARN_NON_LITERAL_NULL_CONVERSION = YES;
				CLANG_WARN_OBJC_IMPLICIT_RETAIN_SELF = YES;
				CLANG_WARN_OBJC_LITERAL_CONVERSION = YES;
				CLANG_WARN_OBJC_ROOT_CLASS = YES_ERROR;
				CLANG_WARN_RANGE_LOOP_ANALYSIS = YES;
				CLANG_WARN_STRICT_PROTOTYPES = YES;
				CLANG_WARN_SUSPICIOUS_MOVE = YES;
				CLANG_WARN_UNGUARDED_AVAILABILITY = YES_AGGRESSIVE;
				CLANG_WARN_UNREACHABLE_CODE = YES;
				CLANG_WARN__DUPLICATE_METHOD_MATCH = YES;
				COPY_PHASE_STRIP = NO;
				DEBUG_INFORMATION_FORMAT = "dwarf-with-dsym";
				ENABLE_NS_ASSERTIONS = NO;
				ENABLE_STRICT_OBJC_MSGSEND = YES;
				GCC_C_LANGUAGE_STANDARD = gnu11;
				GCC_NO_COMMON_BLOCKS = YES;
				GCC_WARN_64_TO_32_BIT_CONVERSION = YES;
				GCC_WARN_ABOUT_RETURN_TYPE = YES_ERROR;
				GCC_WARN_UNDECLARED_SELECTOR = YES;
				GCC_WARN_UNINITIALIZED_AUTOS = YES_AGGRESSIVE;
				GCC_WARN_UNUSED_FUNCTION = YES;
				GCC_WARN_UNUSED_VARIABLE = YES;
				IPHONEOS_DEPLOYMENT_TARGET = 13.1;
				MTL_ENABLE_DEBUG_INFO = NO;
				MTL_FAST_MATH = YES;
				SDKROOT = iphoneos;
				SWIFT_COMPILATION_MODE = wholemodule;
				SWIFT_OPTIMIZATION_LEVEL = "-O";
				VALIDATE_PRODUCT = YES;
			};
			name = Release;
		};
		A8360D85234D909E00AF0317 /* Debug */ = {
			isa = XCBuildConfiguration;
			buildSettings = {
				ASSETCATALOG_COMPILER_APPICON_NAME = AppIcon;
				CODE_SIGN_STYLE = Automatic;
				DEVELOPMENT_TEAM = ZCH4DB6R3W;
				INFOPLIST_FILE = "Crickets-2/Info.plist";
				LD_RUNPATH_SEARCH_PATHS = (
					"$(inherited)",
					"@executable_path/Frameworks",
				);
				PRODUCT_BUNDLE_IDENTIFIER = "com.kylebraden.Crickets-2";
				PRODUCT_NAME = "$(TARGET_NAME)";
				SWIFT_VERSION = 5.0;
				TARGETED_DEVICE_FAMILY = "1,2";
			};
			name = Debug;
		};
		A8360D86234D909E00AF0317 /* Release */ = {
			isa = XCBuildConfiguration;
			buildSettings = {
				ASSETCATALOG_COMPILER_APPICON_NAME = AppIcon;
				CODE_SIGN_STYLE = Automatic;
				DEVELOPMENT_TEAM = ZCH4DB6R3W;
				INFOPLIST_FILE = "Crickets-2/Info.plist";
				LD_RUNPATH_SEARCH_PATHS = (
					"$(inherited)",
					"@executable_path/Frameworks",
				);
				PRODUCT_BUNDLE_IDENTIFIER = "com.kylebraden.Crickets-2";
				PRODUCT_NAME = "$(TARGET_NAME)";
				SWIFT_VERSION = 5.0;
				TARGETED_DEVICE_FAMILY = "1,2";
			};
			name = Release;
		};
/* End XCBuildConfiguration section */

/* Begin XCConfigurationList section */
		A8360D6B234D909D00AF0317 /* Build configuration list for PBXProject "Crickets-2" */ = {
			isa = XCConfigurationList;
			buildConfigurations = (
				A8360D82234D909E00AF0317 /* Debug */,
				A8360D83234D909E00AF0317 /* Release */,
			);
			defaultConfigurationIsVisible = 0;
			defaultConfigurationName = Release;
		};
		A8360D84234D909E00AF0317 /* Build configuration list for PBXNativeTarget "Crickets-2" */ = {
			isa = XCConfigurationList;
			buildConfigurations = (
				A8360D85234D909E00AF0317 /* Debug */,
				A8360D86234D909E00AF0317 /* Release */,
			);
			defaultConfigurationIsVisible = 0;
			defaultConfigurationName = Release;
		};
/* End XCConfigurationList section */
	};
	rootObject = A8360D68234D909D00AF0317 /* Project object */;
}
